
Microsoft Visual Studio Solution File, Format Version 12.00
# Visual Studio Version 16
VisualStudioVersion = 25.0.1705.3
MinimumVisualStudioVersion = 10.0.40219.1
Project("{FAE04EC0-301F-11D3-BF4B-00C04F79EFBC}") = "practise2", "practise2\practise2.csproj", "{0E855CEF-A517-4CEE-A3A2-36B3CB710045}"
EndProject
Project("{FAE04EC0-301F-11D3-BF4B-00C04F79EFBC}") = "practise.Core", "practise.Core\practise.Core.csproj", "{422A642F-4BFF-4504-A66B-FF0C46AB983E}"
EndProject
Global
	GlobalSection(SolutionConfigurationPlatforms) = preSolution
		Debug|Any CPU = Debug|Any CPU
		Release|Any CPU = Release|Any CPU
	EndGlobalSection
	GlobalSection(ProjectConfigurationPlatforms) = postSolution
		{0E855CEF-A517-4CEE-A3A2-36B3CB710045}.Debug|Any CPU.ActiveCfg = Debug|Any CPU
		{0E855CEF-A517-4CEE-A3A2-36B3CB710045}.Debug|Any CPU.Build.0 = Debug|Any CPU
		{0E855CEF-A517-4CEE-A3A2-36B3CB710045}.Release|Any CPU.ActiveCfg = Release|Any CPU
		{0E855CEF-A517-4CEE-A3A2-36B3CB710045}.Release|Any CPU.Build.0 = Release|Any CPU
		{422A642F-4BFF-4504-A66B-FF0C46AB983E}.Debug|Any CPU.ActiveCfg = Debug|Any CPU
		{422A642F-4BFF-4504-A66B-FF0C46AB983E}.Debug|Any CPU.Build.0 = Debug|Any CPU
		{422A642F-4BFF-4504-A66B-FF0C46AB983E}.Release|Any CPU.ActiveCfg = Release|Any CPU
		{422A642F-4BFF-4504-A66B-FF0C46AB983E}.Release|Any CPU.Build.0 = Release|Any CPU
	EndGlobalSection
	GlobalSection(SolutionProperties) = preSolution
		HideSolutionNode = FALSE
	EndGlobalSection
	GlobalSection(ExtensibilityGlobals) = postSolution
		SolutionGuid = {B9EFBD17-089A-45D0-B260-D5937526784C}
	EndGlobalSection
EndGlobal
